// !$*UTF8*$!
{
	archiveVersion = 1;
	classes = {
	};
	objectVersion = 46;
	objects = {

/* Begin PBXBuildFile section */
		078560DF1DC464C90010937B /* AppDelegate.swift in Sources */ = {isa = PBXBuildFile; fileRef = 078560DE1DC464C90010937B /* AppDelegate.swift */; };
		078560E11DC464C90010937B /* ViewController.swift in Sources */ = {isa = PBXBuildFile; fileRef = 078560E01DC464C90010937B /* ViewController.swift */; };
		078560E41DC464C90010937B /* Main.storyboard in Resources */ = {isa = PBXBuildFile; fileRef = 078560E21DC464C90010937B /* Main.storyboard */; };
		078560E61DC464C90010937B /* Assets.xcassets in Resources */ = {isa = PBXBuildFile; fileRef = 078560E51DC464C90010937B /* Assets.xcassets */; };
		078560E91DC464C90010937B /* LaunchScreen.storyboard in Resources */ = {isa = PBXBuildFile; fileRef = 078560E71DC464C90010937B /* LaunchScreen.storyboard */; };
		078560F41DC464C90010937B /* PithcPerfectTests.swift in Sources */ = {isa = PBXBuildFile; fileRef = 078560F31DC464C90010937B /* PithcPerfectTests.swift */; };
		078560FF1DC464C90010937B /* PithcPerfectUITests.swift in Sources */ = {isa = PBXBuildFile; fileRef = 078560FE1DC464C90010937B /* PithcPerfectUITests.swift */; };
/* End PBXBuildFile section */

/* Begin PBXContainerItemProxy section */
		078560F01DC464C90010937B /* PBXContainerItemProxy */ = {
			isa = PBXContainerItemProxy;
			containerPortal = 078560D31DC464C80010937B /* Project object */;
			proxyType = 1;
			remoteGlobalIDString = 078560DA1DC464C80010937B;
			remoteInfo = PithcPerfect;
		};
		078560FB1DC464C90010937B /* PBXContainerItemProxy */ = {
			isa = PBXContainerItemProxy;
			containerPortal = 078560D31DC464C80010937B /* Project object */;
			proxyType = 1;
			remoteGlobalIDString = 078560DA1DC464C80010937B;
			remoteInfo = PithcPerfect;
		};
/* End PBXContainerItemProxy section */

/* Begin PBXFileReference section */
		078560DB1DC464C90010937B /* PithcPerfect.app */ = {isa = PBXFileReference; explicitFileType = wrapper.application; includeInIndex = 0; path = PithcPerfect.app; sourceTree = BUILT_PRODUCTS_DIR; };
		078560DE1DC464C90010937B /* AppDelegate.swift */ = {isa = PBXFileReference; lastKnownFileType = sourcecode.swift; path = AppDelegate.swift; sourceTree = "<group>"; };
		078560E01DC464C90010937B /* ViewController.swift */ = {isa = PBXFileReference; lastKnownFileType = sourcecode.swift; path = ViewController.swift; sourceTree = "<group>"; };
		078560E31DC464C90010937B /* Base */ = {isa = PBXFileReference; lastKnownFileType = file.storyboard; name = Base; path = Base.lproj/Main.storyboard; sourceTree = "<group>"; };
		078560E51DC464C90010937B /* Assets.xcassets */ = {isa = PBXFileReference; lastKnownFileType = folder.assetcatalog; path = Assets.xcassets; sourceTree = "<group>"; };
		078560E81DC464C90010937B /* Base */ = {isa = PBXFileReference; lastKnownFileType = file.storyboard; name = Base; path = Base.lproj/LaunchScreen.storyboard; sourceTree = "<group>"; };
		078560EA1DC464C90010937B /* Info.plist */ = {isa = PBXFileReference; lastKnownFileType = text.plist.xml; path = Info.plist; sourceTree = "<group>"; };
		078560EF1DC464C90010937B /* PithcPerfectTests.xctest */ = {isa = PBXFileReference; explicitFileType = wrapper.cfbundle; includeInIndex = 0; path = PithcPerfectTests.xctest; sourceTree = BUILT_PRODUCTS_DIR; };
		078560F31DC464C90010937B /* PithcPerfectTests.swift */ = {isa = PBXFileReference; lastKnownFileType = sourcecode.swift; path = PithcPerfectTests.swift; sourceTree = "<group>"; };
		078560F51DC464C90010937B /* Info.plist */ = {isa = PBXFileReference; lastKnownFileType = text.plist.xml; path = Info.plist; sourceTree = "<group>"; };
		078560FA1DC464C90010937B /* PithcPerfectUITests.xctest */ = {isa = PBXFileReference; explicitFileType = wrapper.cfbundle; includeInIndex = 0; path = PithcPerfectUITests.xctest; sourceTree = BUILT_PRODUCTS_DIR; };
		078560FE1DC464C90010937B /* PithcPerfectUITests.swift */ = {isa = PBXFileReference; lastKnownFileType = sourcecode.swift; path = PithcPerfectUITests.swift; sourceTree = "<group>"; };
		078561001DC464C90010937B /* Info.plist */ = {isa = PBXFileReference; lastKnownFileType = text.plist.xml; path = Info.plist; sourceTree = "<group>"; };
/* End PBXFileReference section */

/* Begin PBXFrameworksBuildPhase section */
		078560D81DC464C80010937B /* Frameworks */ = {
			isa = PBXFrameworksBuildPhase;
			buildActionMask = 2147483647;
			files = (
			);
			runOnlyForDeploymentPostprocessing = 0;
		};
		078560EC1DC464C90010937B /* Frameworks */ = {
			isa = PBXFrameworksBuildPhase;
			buildActionMask = 2147483647;
			files = (
			);
			runOnlyForDeploymentPostprocessing = 0;
		};
		078560F71DC464C90010937B /* Frameworks */ = {
			isa = PBXFrameworksBuildPhase;
			buildActionMask = 2147483647;
			files = (
			);
			runOnlyForDeploymentPostprocessing = 0;
		};
/* End PBXFrameworksBuildPhase section */

/* Begin PBXGroup section */
		078560D21DC464C80010937B = {
			isa = PBXGroup;
			children = (
				078560DD1DC464C90010937B /* PithcPerfect */,
				078560F21DC464C90010937B /* PithcPerfectTests */,
				078560FD1DC464C90010937B /* PithcPerfectUITests */,
				078560DC1DC464C90010937B /* Products */,
			);
			sourceTree = "<group>";
		};
		078560DC1DC464C90010937B /* Products */ = {
			isa = PBXGroup;
			children = (
				078560DB1DC464C90010937B /* PithcPerfect.app */,
				078560EF1DC464C90010937B /* PithcPerfectTests.xctest */,
				078560FA1DC464C90010937B /* PithcPerfectUITests.xctest */,
			);
			name = Products;
			sourceTree = "<group>";
		};
		078560DD1DC464C90010937B /* PithcPerfect */ = {
			isa = PBXGroup;
			children = (
				078560DE1DC464C90010937B /* AppDelegate.swift */,
				078560E01DC464C90010937B /* ViewController.swift */,
				078560E21DC464C90010937B /* Main.storyboard */,
				078560E51DC464C90010937B /* Assets.xcassets */,
				078560E71DC464C90010937B /* LaunchScreen.storyboard */,
				078560EA1DC464C90010937B /* Info.plist */,
			);
			path = PithcPerfect;
			sourceTree = "<group>";
		};
		078560F21DC464C90010937B /* PithcPerfectTests */ = {
			isa = PBXGroup;
			children = (
				078560F31DC464C90010937B /* PithcPerfectTests.swift */,
				078560F51DC464C90010937B /* Info.plist */,
			);
			path = PithcPerfectTests;
			sourceTree = "<group>";
		};
		078560FD1DC464C90010937B /* PithcPerfectUITests */ = {
			isa = PBXGroup;
			children = (
				078560FE1DC464C90010937B /* PithcPerfectUITests.swift */,
				078561001DC464C90010937B /* Info.plist */,
			);
			path = PithcPerfectUITests;
			sourceTree = "<group>";
		};
/* End PBXGroup section */

/* Begin PBXNativeTarget section */
		078560DA1DC464C80010937B /* PithcPerfect */ = {
			isa = PBXNativeTarget;
			buildConfigurationList = 078561031DC464C90010937B /* Build configuration list for PBXNativeTarget "PithcPerfect" */;
			buildPhases = (
				078560D71DC464C80010937B /* Sources */,
				078560D81DC464C80010937B /* Frameworks */,
				078560D91DC464C80010937B /* Resources */,
			);
			buildRules = (
			);
			dependencies = (
			);
			name = PithcPerfect;
			productName = PithcPerfect;
			productReference = 078560DB1DC464C90010937B /* PithcPerfect.app */;
			productType = "com.apple.product-type.application";
		};
		078560EE1DC464C90010937B /* PithcPerfectTests */ = {
			isa = PBXNativeTarget;
			buildConfigurationList = 078561061DC464C90010937B /* Build configuration list for PBXNativeTarget "PithcPerfectTests" */;
			buildPhases = (
				078560EB1DC464C90010937B /* Sources */,
				078560EC1DC464C90010937B /* Frameworks */,
				078560ED1DC464C90010937B /* Resources */,
			);
			buildRules = (
			);
			dependencies = (
				078560F11DC464C90010937B /* PBXTargetDependency */,
			);
			name = PithcPerfectTests;
			productName = PithcPerfectTests;
			productReference = 078560EF1DC464C90010937B /* PithcPerfectTests.xctest */;
			productType = "com.apple.product-type.bundle.unit-test";
		};
		078560F91DC464C90010937B /* PithcPerfectUITests */ = {
			isa = PBXNativeTarget;
			buildConfigurationList = 078561091DC464C90010937B /* Build configuration list for PBXNativeTarget "PithcPerfectUITests" */;
			buildPhases = (
				078560F61DC464C90010937B /* Sources */,
				078560F71DC464C90010937B /* Frameworks */,
				078560F81DC464C90010937B /* Resources */,
			);
			buildRules = (
			);
			dependencies = (
				078560FC1DC464C90010937B /* PBXTargetDependency */,
			);
			name = PithcPerfectUITests;
			productName = PithcPerfectUITests;
			productReference = 078560FA1DC464C90010937B /* PithcPerfectUITests.xctest */;
			productType = "com.apple.product-type.bundle.ui-testing";
		};
/* End PBXNativeTarget section */

/* Begin PBXProject section */
		078560D31DC464C80010937B /* Project object */ = {
			isa = PBXProject;
			attributes = {
				LastSwiftUpdateCheck = 0800;
				LastUpgradeCheck = 0800;
				ORGANIZATIONNAME = "Gungor, Cahit";
				TargetAttributes = {
					078560DA1DC464C80010937B = {
						CreatedOnToolsVersion = 8.0;
						ProvisioningStyle = Automatic;
					};
					078560EE1DC464C90010937B = {
						CreatedOnToolsVersion = 8.0;
						ProvisioningStyle = Automatic;
						TestTargetID = 078560DA1DC464C80010937B;
					};
					078560F91DC464C90010937B = {
						CreatedOnToolsVersion = 8.0;
						ProvisioningStyle = Automatic;
						TestTargetID = 078560DA1DC464C80010937B;
					};
				};
			};
			buildConfigurationList = 078560D61DC464C80010937B /* Build configuration list for PBXProject "PithcPerfect" */;
			compatibilityVersion = "Xcode 3.2";
			developmentRegion = English;
			hasScannedForEncodings = 0;
			knownRegions = (
				en,
				Base,
			);
			mainGroup = 078560D21DC464C80010937B;
			productRefGroup = 078560DC1DC464C90010937B /* Products */;
			projectDirPath = "";
			projectRoot = "";
			targets = (
				078560DA1DC464C80010937B /* PithcPerfect */,
				078560EE1DC464C90010937B /* PithcPerfectTests */,
				078560F91DC464C90010937B /* PithcPerfectUITests */,
			);
		};
/* End PBXProject section */

/* Begin PBXResourcesBuildPhase section */
		078560D91DC464C80010937B /* Resources */ = {
			isa = PBXResourcesBuildPhase;
			buildActionMask = 2147483647;
			files = (
				078560E91DC464C90010937B /* LaunchScreen.storyboard in Resources */,
				078560E61DC464C90010937B /* Assets.xcassets in Resources */,
				078560E41DC464C90010937B /* Main.storyboard in Resources */,
			);
			runOnlyForDeploymentPostprocessing = 0;
		};
		078560ED1DC464C90010937B /* Resources */ = {
			isa = PBXResourcesBuildPhase;
			buildActionMask = 2147483647;
			files = (
			);
			runOnlyForDeploymentPostprocessing = 0;
		};
		078560F81DC464C90010937B /* Resources */ = {
			isa = PBXResourcesBuildPhase;
			buildActionMask = 2147483647;
			files = (
			);
			runOnlyForDeploymentPostprocessing = 0;
		};
/* End PBXResourcesBuildPhase section */

/* Begin PBXSourcesBuildPhase section */
		078560D71DC464C80010937B /* Sources */ = {
			isa = PBXSourcesBuildPhase;
			buildActionMask = 2147483647;
			files = (
				078560E11DC464C90010937B /* ViewController.swift in Sources */,
				078560DF1DC464C90010937B /* AppDelegate.swift in Sources */,
			);
			runOnlyForDeploymentPostprocessing = 0;
		};
		078560EB1DC464C90010937B /* Sources */ = {
			isa = PBXSourcesBuildPhase;
			buildActionMask = 2147483647;
			files = (
				078560F41DC464C90010937B /* PithcPerfectTests.swift in Sources */,
			);
			runOnlyForDeploymentPostprocessing = 0;
		};
		078560F61DC464C90010937B /* Sources */ = {
			isa = PBXSourcesBuildPhase;
			buildActionMask = 2147483647;
			files = (
				078560FF1DC464C90010937B /* PithcPerfectUITests.swift in Sources */,
			);
			runOnlyForDeploymentPostprocessing = 0;
		};
/* End PBXSourcesBuildPhase section */

/* Begin PBXTargetDependency section */
		078560F11DC464C90010937B /* PBXTargetDependency */ = {
			isa = PBXTargetDependency;
			target = 078560DA1DC464C80010937B /* PithcPerfect */;
			targetProxy = 078560F01DC464C90010937B /* PBXContainerItemProxy */;
		};
		078560FC1DC464C90010937B /* PBXTargetDependency */ = {
			isa = PBXTargetDependency;
			target = 078560DA1DC464C80010937B /* PithcPerfect */;
			targetProxy = 078560FB1DC464C90010937B /* PBXContainerItemProxy */;
		};
/* End PBXTargetDependency section */

/* Begin PBXVariantGroup section */
		078560E21DC464C90010937B /* Main.storyboard */ = {
			isa = PBXVariantGroup;
			children = (
				078560E31DC464C90010937B /* Base */,
			);
			name = Main.storyboard;
			sourceTree = "<group>";
		};
		078560E71DC464C90010937B /* LaunchScreen.storyboard */ = {
			isa = PBXVariantGroup;
			children = (
				078560E81DC464C90010937B /* Base */,
			);
			name = LaunchScreen.storyboard;
			sourceTree = "<group>";
		};
/* End PBXVariantGroup section */

/* Begin XCBuildConfiguration section */
		078561011DC464C90010937B /* Debug */ = {
			isa = XCBuildConfiguration;
			buildSettings = {
				ALWAYS_SEARCH_USER_PATHS = NO;
				CLANG_ANALYZER_NONNULL = YES;
				CLANG_CXX_LANGUAGE_STANDARD = "gnu++0x";
				CLANG_CXX_LIBRARY = "libc++";
				CLANG_ENABLE_MODULES = YES;
				CLANG_ENABLE_OBJC_ARC = YES;
				CLANG_WARN_BOOL_CONVERSION = YES;
				CLANG_WARN_CONSTANT_CONVERSION = YES;
				CLANG_WARN_DIRECT_OBJC_ISA_USAGE = YES_ERROR;
				CLANG_WARN_DOCUMENTATION_COMMENTS = YES;
				CLANG_WARN_EMPTY_BODY = YES;
				CLANG_WARN_ENUM_CONVERSION = YES;
				CLANG_WARN_INFINITE_RECURSION = YES;
				CLANG_WARN_INT_CONVERSION = YES;
				CLANG_WARN_OBJC_ROOT_CLASS = YES_ERROR;
				CLANG_WARN_SUSPICIOUS_MOVES = YES;
				CLANG_WARN_UNREACHABLE_CODE = YES;
				CLANG_WARN__DUPLICATE_METHOD_MATCH = YES;
				"CODE_SIGN_IDENTITY[sdk=iphoneos*]" = "iPhone Developer";
				COPY_PHASE_STRIP = NO;
				DEBUG_INFORMATION_FORMAT = dwarf;
				ENABLE_STRICT_OBJC_MSGSEND = YES;
				ENABLE_TESTABILITY = YES;
				GCC_C_LANGUAGE_STANDARD = gnu99;
				GCC_DYNAMIC_NO_PIC = NO;
				GCC_NO_COMMON_BLOCKS = YES;
				GCC_OPTIMIZATION_LEVEL = 0;
				GCC_PREPROCESSOR_DEFINITIONS = (
					"DEBUG=1",
					"$(inherited)",
				);
				GCC_WARN_64_TO_32_BIT_CONVERSION = YES;
				GCC_WARN_ABOUT_RETURN_TYPE = YES_ERROR;
				GCC_WARN_UNDECLARED_SELECTOR = YES;
				GCC_WARN_UNINITIALIZED_AUTOS = YES_AGGRESSIVE;
				GCC_WARN_UNUSED_FUNCTION = YES;
				GCC_WARN_UNUSED_VARIABLE = YES;
				IPHONEOS_DEPLOYMENT_TARGET = 10.0;
				MTL_ENABLE_DEBUG_INFO = YES;
				ONLY_ACTIVE_ARCH = YES;
				SDKROOT = iphoneos;
				SWIFT_ACTIVE_COMPILATION_CONDITIONS = DEBUG;
				SWIFT_OPTIMIZATION_LEVEL = "-Onone";
				TARGETED_DEVICE_FAMILY = "1,2";
			};
			name = Debug;
		};
		078561021DC464C90010937B /* Release */ = {
			isa = XCBuildConfiguration;
			buildSettings = {
				ALWAYS_SEARCH_USER_PATHS = NO;
				CLANG_ANALYZER_NONNULL = YES;
				CLANG_CXX_LANGUAGE_STANDARD = "gnu++0x";
				CLANG_CXX_LIBRARY = "libc++";
				CLANG_ENABLE_MODULES = YES;
				CLANG_ENABLE_OBJC_ARC = YES;
				CLANG_WARN_BOOL_CONVERSION = YES;
				CLANG_WARN_CONSTANT_CONVERSION = YES;
				CLANG_WARN_DIRECT_OBJC_ISA_USAGE = YES_ERROR;
				CLANG_WARN_DOCUMENTATION_COMMENTS = YES;
				CLANG_WARN_EMPTY_BODY = YES;
				CLANG_WARN_ENUM_CONVERSION = YES;
				CLANG_WARN_INFINITE_RECURSION = YES;
				CLANG_WARN_INT_CONVERSION = YES;
				CLANG_WARN_OBJC_ROOT_CLASS = YES_ERROR;
				CLANG_WARN_SUSPICIOUS_MOVES = YES;
				CLANG_WARN_UNREACHABLE_CODE = YES;
				CLANG_WARN__DUPLICATE_METHOD_MATCH = YES;
				"CODE_SIGN_IDENTITY[sdk=iphoneos*]" = "iPhone Developer";
				COPY_PHASE_STRIP = NO;
				DEBUG_INFORMATION_FORMAT = "dwarf-with-dsym";
				ENABLE_NS_ASSERTIONS = NO;
				ENABLE_STRICT_OBJC_MSGSEND = YES;
				GCC_C_LANGUAGE_STANDARD = gnu99;
				GCC_NO_COMMON_BLOCKS = YES;
				GCC_WARN_64_TO_32_BIT_CONVERSION = YES;
				GCC_WARN_ABOUT_RETURN_TYPE = YES_ERROR;
				GCC_WARN_UNDECLARED_SELECTOR = YES;
				GCC_WARN_UNINITIALIZED_AUTOS = YES_AGGRESSIVE;
				GCC_WARN_UNUSED_FUNCTION = YES;
				GCC_WARN_UNUSED_VARIABLE = YES;
				IPHONEOS_DEPLOYMENT_TARGET = 10.0;
				MTL_ENABLE_DEBUG_INFO = NO;
				SDKROOT = iphoneos;
				SWIFT_OPTIMIZATION_LEVEL = "-Owholemodule";
				TARGETED_DEVICE_FAMILY = "1,2";
				VALIDATE_PRODUCT = YES;
			};
			name = Release;
		};
		078561041DC464C90010937B /* Debug */ = {
			isa = XCBuildConfiguration;
			buildSettings = {
				ASSETCATALOG_COMPILER_APPICON_NAME = AppIcon;
				INFOPLIST_FILE = PithcPerfect/Info.plist;
				LD_RUNPATH_SEARCH_PATHS = "$(inherited) @executable_path/Frameworks";
				PRODUCT_BUNDLE_IDENTIFIER = com.ycg.PithcPerfect;
				PRODUCT_NAME = "$(TARGET_NAME)";
				SWIFT_VERSION = 3.0;
			};
			name = Debug;
		};
		078561051DC464C90010937B /* Release */ = {
			isa = XCBuildConfiguration;
			buildSettings = {
				ASSETCATALOG_COMPILER_APPICON_NAME = AppIcon;
				INFOPLIST_FILE = PithcPerfect/Info.plist;
				LD_RUNPATH_SEARCH_PATHS = "$(inherited) @executable_path/Frameworks";
				PRODUCT_BUNDLE_IDENTIFIER = com.ycg.PithcPerfect;
				PRODUCT_NAME = "$(TARGET_NAME)";
				SWIFT_VERSION = 3.0;
			};
			name = Release;
		};
		078561071DC464C90010937B /* Debug */ = {
			isa = XCBuildConfiguration;
			buildSettings = {
				ALWAYS_EMBED_SWIFT_STANDARD_LIBRARIES = YES;
				BUNDLE_LOADER = "$(TEST_HOST)";
				INFOPLIST_FILE = PithcPerfectTests/Info.plist;
				LD_RUNPATH_SEARCH_PATHS = "$(inherited) @executable_path/Frameworks @loader_path/Frameworks";
				PRODUCT_BUNDLE_IDENTIFIER = com.ycg.PithcPerfectTests;
				PRODUCT_NAME = "$(TARGET_NAME)";
				SWIFT_VERSION = 3.0;
				TEST_HOST = "$(BUILT_PRODUCTS_DIR)/PithcPerfect.app/PithcPerfect";
			};
			name = Debug;
		};
		078561081DC464C90010937B /* Release */ = {
			isa = XCBuildConfiguration;
			buildSettings = {
				ALWAYS_EMBED_SWIFT_STANDARD_LIBRARIES = YES;
				BUNDLE_LOADER = "$(TEST_HOST)";
				INFOPLIST_FILE = PithcPerfectTests/Info.plist;
				LD_RUNPATH_SEARCH_PATHS = "$(inherited) @executable_path/Frameworks @loader_path/Frameworks";
				PRODUCT_BUNDLE_IDENTIFIER = com.ycg.PithcPerfectTests;
				PRODUCT_NAME = "$(TARGET_NAME)";
				SWIFT_VERSION = 3.0;
				TEST_HOST = "$(BUILT_PRODUCTS_DIR)/PithcPerfect.app/PithcPerfect";
			};
			name = Release;
		};
		0785610A1DC464C90010937B /* Debug */ = {
			isa = XCBuildConfiguration;
			buildSettings = {
				ALWAYS_EMBED_SWIFT_STANDARD_LIBRARIES = YES;
				INFOPLIST_FILE = PithcPerfectUITests/Info.plist;
				LD_RUNPATH_SEARCH_PATHS = "$(inherited) @executable_path/Frameworks @loader_path/Frameworks";
				PRODUCT_BUNDLE_IDENTIFIER = com.ycg.PithcPerfectUITests;
				PRODUCT_NAME = "$(TARGET_NAME)";
				SWIFT_VERSION = 3.0;
				TEST_TARGET_NAME = PithcPerfect;
			};
			name = Debug;
		};
		0785610B1DC464C90010937B /* Release */ = {
			isa = XCBuildConfiguration;
			buildSettings = {
				ALWAYS_EMBED_SWIFT_STANDARD_LIBRARIES = YES;
				INFOPLIST_FILE = PithcPerfectUITests/Info.plist;
				LD_RUNPATH_SEARCH_PATHS = "$(inherited) @executable_path/Frameworks @loader_path/Frameworks";
				PRODUCT_BUNDLE_IDENTIFIER = com.ycg.PithcPerfectUITests;
				PRODUCT_NAME = "$(TARGET_NAME)";
				SWIFT_VERSION = 3.0;
				TEST_TARGET_NAME = PithcPerfect;
			};
			name = Release;
		};
/* End XCBuildConfiguration section */

/* Begin XCConfigurationList section */
		078560D61DC464C80010937B /* Build configuration list for PBXProject "PithcPerfect" */ = {
			isa = XCConfigurationList;
			buildConfigurations = (
				078561011DC464C90010937B /* Debug */,
				078561021DC464C90010937B /* Release */,
			);
			defaultConfigurationIsVisible = 0;
			defaultConfigurationName = Release;
		};
		078561031DC464C90010937B /* Build configuration list for PBXNativeTarget "PithcPerfect" */ = {
			isa = XCConfigurationList;
			buildConfigurations = (
				078561041DC464C90010937B /* Debug */,
				078561051DC464C90010937B /* Release */,
			);
			defaultConfigurationIsVisible = 0;
		};
		078561061DC464C90010937B /* Build configuration list for PBXNativeTarget "PithcPerfectTests" */ = {
			isa = XCConfigurationList;
			buildConfigurations = (
				078561071DC464C90010937B /* Debug */,
				078561081DC464C90010937B /* Release */,
			);
			defaultConfigurationIsVisible = 0;
		};
		078561091DC464C90010937B /* Build configuration list for PBXNativeTarget "PithcPerfectUITests" */ = {
			isa = XCConfigurationList;
			buildConfigurations = (
				0785610A1DC464C90010937B /* Debug */,
				0785610B1DC464C90010937B /* Release */,
			);
			defaultConfigurationIsVisible = 0;
		};
/* End XCConfigurationList section */
	};
	rootObject = 078560D31DC464C80010937B /* Project object */;
}
